
Microsoft Visual Studio Solution File, Format Version 12.00
# Visual Studio 2013
VisualStudioVersion = 12.0.40629.0
MinimumVisualStudioVersion = 10.0.40219.1
Project("{FAE04EC0-301F-11D3-BF4B-00C04F79EFBC}") = "BookStoreWebApp", "BookStoreWebApp\BookStoreWebApp.csproj", "{92E72225-121F-4C3C-9834-5D7063ED962E}"
EndProject
Project("{FAE04EC0-301F-11D3-BF4B-00C04F79EFBC}") = "ModelPoco", "..\BookSaleWebsite\ModelPoco\ModelPoco.csproj", "{966705FF-88CC-458C-AED2-2F710BFA09F1}"
EndProject
Global
	GlobalSection(SolutionConfigurationPlatforms) = preSolution
		Debug|Any CPU = Debug|Any CPU
		Release|Any CPU = Release|Any CPU
	EndGlobalSection
	GlobalSection(ProjectConfigurationPlatforms) = postSolution
		{92E72225-121F-4C3C-9834-5D7063ED962E}.Debug|Any CPU.ActiveCfg = Debug|Any CPU
		{92E72225-121F-4C3C-9834-5D7063ED962E}.Debug|Any CPU.Build.0 = Debug|Any CPU
		{92E72225-121F-4C3C-9834-5D7063ED962E}.Release|Any CPU.ActiveCfg = Release|Any CPU
		{92E72225-121F-4C3C-9834-5D7063ED962E}.Release|Any CPU.Build.0 = Release|Any CPU
		{966705FF-88CC-458C-AED2-2F710BFA09F1}.Debug|Any CPU.ActiveCfg = Debug|Any CPU
		{966705FF-88CC-458C-AED2-2F710BFA09F1}.Debug|Any CPU.Build.0 = Debug|Any CPU
		{966705FF-88CC-458C-AED2-2F710BFA09F1}.Release|Any CPU.ActiveCfg = Release|Any CPU
		{966705FF-88CC-458C-AED2-2F710BFA09F1}.Release|Any CPU.Build.0 = Release|Any CPU
	EndGlobalSection
	GlobalSection(SolutionProperties) = preSolution
		HideSolutionNode = FALSE
	EndGlobalSection
EndGlobal
